
Microsoft Visual Studio Solution File, Format Version 12.00
# Visual Studio Version 16
VisualStudioVersion = 16.0.30413.136
MinimumVisualStudioVersion = 10.0.40219.1
Project("{9A19103F-16F7-4668-BE54-9A1E7A4F7556}") = "task_1", "task_1\task_1.csproj", "{0C0D2FE3-5AA1-46F5-A187-01D0AD595052}"
EndProject
Project("{9A19103F-16F7-4668-BE54-9A1E7A4F7556}") = "task_2", "task_2\task_2.csproj", "{35548D08-B26B-417F-ADA0-149108A3CF20}"
EndProject
Project("{9A19103F-16F7-4668-BE54-9A1E7A4F7556}") = "task_3", "task_3\task_3.csproj", "{8D36BE31-F2AC-4949-8226-3BD81E254215}"
EndProject
Project("{FAE04EC0-301F-11D3-BF4B-00C04F79EFBC}") = "task_4", "task_4\task_4.csproj", "{F0B24A4F-F390-4F57-A805-7C3E53165D83}"
EndProject
Global
	GlobalSection(SolutionConfigurationPlatforms) = preSolution
		Debug|Any CPU = Debug|Any CPU
		Release|Any CPU = Release|Any CPU
	EndGlobalSection
	GlobalSection(ProjectConfigurationPlatforms) = postSolution
		{0C0D2FE3-5AA1-46F5-A187-01D0AD595052}.Debug|Any CPU.ActiveCfg = Debug|Any CPU
		{0C0D2FE3-5AA1-46F5-A187-01D0AD595052}.Debug|Any CPU.Build.0 = Debug|Any CPU
		{0C0D2FE3-5AA1-46F5-A187-01D0AD595052}.Release|Any CPU.ActiveCfg = Release|Any CPU
		{0C0D2FE3-5AA1-46F5-A187-01D0AD595052}.Release|Any CPU.Build.0 = Release|Any CPU
		{35548D08-B26B-417F-ADA0-149108A3CF20}.Debug|Any CPU.ActiveCfg = Debug|Any CPU
		{35548D08-B26B-417F-ADA0-149108A3CF20}.Debug|Any CPU.Build.0 = Debug|Any CPU
		{35548D08-B26B-417F-ADA0-149108A3CF20}.Release|Any CPU.ActiveCfg = Release|Any CPU
		{35548D08-B26B-417F-ADA0-149108A3CF20}.Release|Any CPU.Build.0 = Release|Any CPU
		{8D36BE31-F2AC-4949-8226-3BD81E254215}.Debug|Any CPU.ActiveCfg = Debug|Any CPU
		{8D36BE31-F2AC-4949-8226-3BD81E254215}.Debug|Any CPU.Build.0 = Debug|Any CPU
		{8D36BE31-F2AC-4949-8226-3BD81E254215}.Release|Any CPU.ActiveCfg = Release|Any CPU
		{8D36BE31-F2AC-4949-8226-3BD81E254215}.Release|Any CPU.Build.0 = Release|Any CPU
		{F0B24A4F-F390-4F57-A805-7C3E53165D83}.Debug|Any CPU.ActiveCfg = Debug|Any CPU
		{F0B24A4F-F390-4F57-A805-7C3E53165D83}.Debug|Any CPU.Build.0 = Debug|Any CPU
		{F0B24A4F-F390-4F57-A805-7C3E53165D83}.Release|Any CPU.ActiveCfg = Release|Any CPU
		{F0B24A4F-F390-4F57-A805-7C3E53165D83}.Release|Any CPU.Build.0 = Release|Any CPU
	EndGlobalSection
	GlobalSection(SolutionProperties) = preSolution
		HideSolutionNode = FALSE
	EndGlobalSection
	GlobalSection(ExtensibilityGlobals) = postSolution
		SolutionGuid = {72662614-77C0-46B5-BC74-FD65CBE04EE9}
	EndGlobalSection
EndGlobal
