
Microsoft Visual Studio Solution File, Format Version 12.00
# Visual Studio Version 16
VisualStudioVersion = 16.0.30413.136
MinimumVisualStudioVersion = 10.0.40219.1
Project("{9A19103F-16F7-4668-BE54-9A1E7A4F7556}") = "task_01", "task_01\task_01.csproj", "{7A67B826-D376-4340-9DDF-3A73AA9717E4}"
EndProject
Project("{9A19103F-16F7-4668-BE54-9A1E7A4F7556}") = "task_02", "task_02\task_02.csproj", "{E9170C42-7BE0-4D95-9182-0B48ED970770}"
EndProject
Project("{9A19103F-16F7-4668-BE54-9A1E7A4F7556}") = "task_03", "task_03\task_03.csproj", "{674FC03B-28B3-4CDF-B331-ED595BF686E9}"
EndProject
Project("{9A19103F-16F7-4668-BE54-9A1E7A4F7556}") = "task_04", "task_04\task_04.csproj", "{F52A0F0B-236D-4F01-A30C-C3561CBA505F}"
EndProject
Project("{9A19103F-16F7-4668-BE54-9A1E7A4F7556}") = "task_05", "task_05\task_05.csproj", "{66DF3382-DE89-400F-B333-2801E9D71F3C}"
EndProject
Project("{9A19103F-16F7-4668-BE54-9A1E7A4F7556}") = "task_06", "task_06\task_06.csproj", "{77219213-3177-4395-A694-51FA2C8E6050}"
EndProject
Project("{9A19103F-16F7-4668-BE54-9A1E7A4F7556}") = "task_07", "task_07\task_07.csproj", "{4458FB58-030F-4A92-BB28-CD8C391CCCE5}"
EndProject
Project("{9A19103F-16F7-4668-BE54-9A1E7A4F7556}") = "task_08", "task_08\task_08.csproj", "{F8C12793-489F-4A0A-B369-9091054E48EB}"
EndProject
Project("{9A19103F-16F7-4668-BE54-9A1E7A4F7556}") = "task_09", "task_09\task_09.csproj", "{2799916F-8EA8-412E-8D16-8BE975381CA9}"
EndProject
Project("{9A19103F-16F7-4668-BE54-9A1E7A4F7556}") = "task_10", "task_10\task_10.csproj", "{62B1E10D-C0E1-4012-B5CF-7E06A2D90047}"
EndProject
Project("{9A19103F-16F7-4668-BE54-9A1E7A4F7556}") = "task_11", "task_11\task_11.csproj", "{91C3CDBC-7162-48F6-AB8C-BBD370524AA5}"
EndProject
Project("{9A19103F-16F7-4668-BE54-9A1E7A4F7556}") = "task_12", "task_12\task_12.csproj", "{F5A9B1F2-8A33-4A3D-8CBB-5BEF6ADB8E7F}"
EndProject
Project("{FAE04EC0-301F-11D3-BF4B-00C04F79EFBC}") = "task_13", "task_13\task_13.csproj", "{4F63951F-90E6-49DD-8577-148D77E21EB0}"
EndProject
Global
	GlobalSection(SolutionConfigurationPlatforms) = preSolution
		Debug|Any CPU = Debug|Any CPU
		Release|Any CPU = Release|Any CPU
	EndGlobalSection
	GlobalSection(ProjectConfigurationPlatforms) = postSolution
		{7A67B826-D376-4340-9DDF-3A73AA9717E4}.Debug|Any CPU.ActiveCfg = Debug|Any CPU
		{7A67B826-D376-4340-9DDF-3A73AA9717E4}.Debug|Any CPU.Build.0 = Debug|Any CPU
		{7A67B826-D376-4340-9DDF-3A73AA9717E4}.Release|Any CPU.ActiveCfg = Release|Any CPU
		{7A67B826-D376-4340-9DDF-3A73AA9717E4}.Release|Any CPU.Build.0 = Release|Any CPU
		{E9170C42-7BE0-4D95-9182-0B48ED970770}.Debug|Any CPU.ActiveCfg = Debug|Any CPU
		{E9170C42-7BE0-4D95-9182-0B48ED970770}.Debug|Any CPU.Build.0 = Debug|Any CPU
		{E9170C42-7BE0-4D95-9182-0B48ED970770}.Release|Any CPU.ActiveCfg = Release|Any CPU
		{E9170C42-7BE0-4D95-9182-0B48ED970770}.Release|Any CPU.Build.0 = Release|Any CPU
		{674FC03B-28B3-4CDF-B331-ED595BF686E9}.Debug|Any CPU.ActiveCfg = Debug|Any CPU
		{674FC03B-28B3-4CDF-B331-ED595BF686E9}.Debug|Any CPU.Build.0 = Debug|Any CPU
		{674FC03B-28B3-4CDF-B331-ED595BF686E9}.Release|Any CPU.ActiveCfg = Release|Any CPU
		{674FC03B-28B3-4CDF-B331-ED595BF686E9}.Release|Any CPU.Build.0 = Release|Any CPU
		{F52A0F0B-236D-4F01-A30C-C3561CBA505F}.Debug|Any CPU.ActiveCfg = Debug|Any CPU
		{F52A0F0B-236D-4F01-A30C-C3561CBA505F}.Debug|Any CPU.Build.0 = Debug|Any CPU
		{F52A0F0B-236D-4F01-A30C-C3561CBA505F}.Release|Any CPU.ActiveCfg = Release|Any CPU
		{F52A0F0B-236D-4F01-A30C-C3561CBA505F}.Release|Any CPU.Build.0 = Release|Any CPU
		{66DF3382-DE89-400F-B333-2801E9D71F3C}.Debug|Any CPU.ActiveCfg = Debug|Any CPU
		{66DF3382-DE89-400F-B333-2801E9D71F3C}.Debug|Any CPU.Build.0 = Debug|Any CPU
		{66DF3382-DE89-400F-B333-2801E9D71F3C}.Release|Any CPU.ActiveCfg = Release|Any CPU
		{66DF3382-DE89-400F-B333-2801E9D71F3C}.Release|Any CPU.Build.0 = Release|Any CPU
		{77219213-3177-4395-A694-51FA2C8E6050}.Debug|Any CPU.ActiveCfg = Debug|Any CPU
		{77219213-3177-4395-A694-51FA2C8E6050}.Debug|Any CPU.Build.0 = Debug|Any CPU
		{77219213-3177-4395-A694-51FA2C8E6050}.Release|Any CPU.ActiveCfg = Release|Any CPU
		{77219213-3177-4395-A694-51FA2C8E6050}.Release|Any CPU.Build.0 = Release|Any CPU
		{4458FB58-030F-4A92-BB28-CD8C391CCCE5}.Debug|Any CPU.ActiveCfg = Debug|Any CPU
		{4458FB58-030F-4A92-BB28-CD8C391CCCE5}.Debug|Any CPU.Build.0 = Debug|Any CPU
		{4458FB58-030F-4A92-BB28-CD8C391CCCE5}.Release|Any CPU.ActiveCfg = Release|Any CPU
		{4458FB58-030F-4A92-BB28-CD8C391CCCE5}.Release|Any CPU.Build.0 = Release|Any CPU
		{F8C12793-489F-4A0A-B369-9091054E48EB}.Debug|Any CPU.ActiveCfg = Debug|Any CPU
		{F8C12793-489F-4A0A-B369-9091054E48EB}.Debug|Any CPU.Build.0 = Debug|Any CPU
		{F8C12793-489F-4A0A-B369-9091054E48EB}.Release|Any CPU.ActiveCfg = Release|Any CPU
		{F8C12793-489F-4A0A-B369-9091054E48EB}.Release|Any CPU.Build.0 = Release|Any CPU
		{2799916F-8EA8-412E-8D16-8BE975381CA9}.Debug|Any CPU.ActiveCfg = Debug|Any CPU
		{2799916F-8EA8-412E-8D16-8BE975381CA9}.Debug|Any CPU.Build.0 = Debug|Any CPU
		{2799916F-8EA8-412E-8D16-8BE975381CA9}.Release|Any CPU.ActiveCfg = Release|Any CPU
		{2799916F-8EA8-412E-8D16-8BE975381CA9}.Release|Any CPU.Build.0 = Release|Any CPU
		{62B1E10D-C0E1-4012-B5CF-7E06A2D90047}.Debug|Any CPU.ActiveCfg = Debug|Any CPU
		{62B1E10D-C0E1-4012-B5CF-7E06A2D90047}.Debug|Any CPU.Build.0 = Debug|Any CPU
		{62B1E10D-C0E1-4012-B5CF-7E06A2D90047}.Release|Any CPU.ActiveCfg = Release|Any CPU
		{62B1E10D-C0E1-4012-B5CF-7E06A2D90047}.Release|Any CPU.Build.0 = Release|Any CPU
		{91C3CDBC-7162-48F6-AB8C-BBD370524AA5}.Debug|Any CPU.ActiveCfg = Debug|Any CPU
		{91C3CDBC-7162-48F6-AB8C-BBD370524AA5}.Debug|Any CPU.Build.0 = Debug|Any CPU
		{91C3CDBC-7162-48F6-AB8C-BBD370524AA5}.Release|Any CPU.ActiveCfg = Release|Any CPU
		{91C3CDBC-7162-48F6-AB8C-BBD370524AA5}.Release|Any CPU.Build.0 = Release|Any CPU
		{F5A9B1F2-8A33-4A3D-8CBB-5BEF6ADB8E7F}.Debug|Any CPU.ActiveCfg = Debug|Any CPU
		{F5A9B1F2-8A33-4A3D-8CBB-5BEF6ADB8E7F}.Debug|Any CPU.Build.0 = Debug|Any CPU
		{F5A9B1F2-8A33-4A3D-8CBB-5BEF6ADB8E7F}.Release|Any CPU.ActiveCfg = Release|Any CPU
		{F5A9B1F2-8A33-4A3D-8CBB-5BEF6ADB8E7F}.Release|Any CPU.Build.0 = Release|Any CPU
		{4F63951F-90E6-49DD-8577-148D77E21EB0}.Debug|Any CPU.ActiveCfg = Debug|Any CPU
		{4F63951F-90E6-49DD-8577-148D77E21EB0}.Debug|Any CPU.Build.0 = Debug|Any CPU
		{4F63951F-90E6-49DD-8577-148D77E21EB0}.Release|Any CPU.ActiveCfg = Release|Any CPU
		{4F63951F-90E6-49DD-8577-148D77E21EB0}.Release|Any CPU.Build.0 = Release|Any CPU
	EndGlobalSection
	GlobalSection(SolutionProperties) = preSolution
		HideSolutionNode = FALSE
	EndGlobalSection
	GlobalSection(ExtensibilityGlobals) = postSolution
		SolutionGuid = {C1B83699-8EA0-4243-87E2-B7D6A88B2775}
	EndGlobalSection
EndGlobal
