
Microsoft Visual Studio Solution File, Format Version 12.00
# Visual Studio Version 16
VisualStudioVersion = 16.0.30413.136
MinimumVisualStudioVersion = 10.0.40219.1
Project("{FAE04EC0-301F-11D3-BF4B-00C04F79EFBC}") = "task_01-02", "task_01\task_01-02.csproj", "{3A66CD60-D776-4E3B-A2C4-9369A1F36B7B}"
EndProject
Project("{FAE04EC0-301F-11D3-BF4B-00C04F79EFBC}") = "task_03", "task_02\task_03.csproj", "{10BC97C8-A76F-43EB-BE23-F8D7B0620764}"
EndProject
Project("{FAE04EC0-301F-11D3-BF4B-00C04F79EFBC}") = "task_04", "task_04\task_04.csproj", "{FBBD0312-91B1-422B-98A5-6610E2296386}"
EndProject
Project("{FAE04EC0-301F-11D3-BF4B-00C04F79EFBC}") = "task_05", "task_05\task_05.csproj", "{19EBA3A7-62CE-4F3C-A99C-57BAE1D352EA}"
EndProject
Project("{FAE04EC0-301F-11D3-BF4B-00C04F79EFBC}") = "task_06", "task_06\task_06.csproj", "{54DDA3B3-1B7F-42B8-8333-BA5E5F30A5AB}"
EndProject
Global
	GlobalSection(SolutionConfigurationPlatforms) = preSolution
		Debug|Any CPU = Debug|Any CPU
		Release|Any CPU = Release|Any CPU
	EndGlobalSection
	GlobalSection(ProjectConfigurationPlatforms) = postSolution
		{3A66CD60-D776-4E3B-A2C4-9369A1F36B7B}.Debug|Any CPU.ActiveCfg = Debug|Any CPU
		{3A66CD60-D776-4E3B-A2C4-9369A1F36B7B}.Debug|Any CPU.Build.0 = Debug|Any CPU
		{3A66CD60-D776-4E3B-A2C4-9369A1F36B7B}.Release|Any CPU.ActiveCfg = Release|Any CPU
		{3A66CD60-D776-4E3B-A2C4-9369A1F36B7B}.Release|Any CPU.Build.0 = Release|Any CPU
		{10BC97C8-A76F-43EB-BE23-F8D7B0620764}.Debug|Any CPU.ActiveCfg = Debug|Any CPU
		{10BC97C8-A76F-43EB-BE23-F8D7B0620764}.Debug|Any CPU.Build.0 = Debug|Any CPU
		{10BC97C8-A76F-43EB-BE23-F8D7B0620764}.Release|Any CPU.ActiveCfg = Release|Any CPU
		{10BC97C8-A76F-43EB-BE23-F8D7B0620764}.Release|Any CPU.Build.0 = Release|Any CPU
		{FBBD0312-91B1-422B-98A5-6610E2296386}.Debug|Any CPU.ActiveCfg = Debug|Any CPU
		{FBBD0312-91B1-422B-98A5-6610E2296386}.Debug|Any CPU.Build.0 = Debug|Any CPU
		{FBBD0312-91B1-422B-98A5-6610E2296386}.Release|Any CPU.ActiveCfg = Release|Any CPU
		{FBBD0312-91B1-422B-98A5-6610E2296386}.Release|Any CPU.Build.0 = Release|Any CPU
		{19EBA3A7-62CE-4F3C-A99C-57BAE1D352EA}.Debug|Any CPU.ActiveCfg = Debug|Any CPU
		{19EBA3A7-62CE-4F3C-A99C-57BAE1D352EA}.Debug|Any CPU.Build.0 = Debug|Any CPU
		{19EBA3A7-62CE-4F3C-A99C-57BAE1D352EA}.Release|Any CPU.ActiveCfg = Release|Any CPU
		{19EBA3A7-62CE-4F3C-A99C-57BAE1D352EA}.Release|Any CPU.Build.0 = Release|Any CPU
		{54DDA3B3-1B7F-42B8-8333-BA5E5F30A5AB}.Debug|Any CPU.ActiveCfg = Debug|Any CPU
		{54DDA3B3-1B7F-42B8-8333-BA5E5F30A5AB}.Debug|Any CPU.Build.0 = Debug|Any CPU
		{54DDA3B3-1B7F-42B8-8333-BA5E5F30A5AB}.Release|Any CPU.ActiveCfg = Release|Any CPU
		{54DDA3B3-1B7F-42B8-8333-BA5E5F30A5AB}.Release|Any CPU.Build.0 = Release|Any CPU
	EndGlobalSection
	GlobalSection(SolutionProperties) = preSolution
		HideSolutionNode = FALSE
	EndGlobalSection
	GlobalSection(ExtensibilityGlobals) = postSolution
		SolutionGuid = {413444BA-0C71-4179-82B0-6440E681B8BF}
	EndGlobalSection
EndGlobal
