
Microsoft Visual Studio Solution File, Format Version 12.00
# Visual Studio Version 16
VisualStudioVersion = 16.0.30413.136
MinimumVisualStudioVersion = 10.0.40219.1
Project("{9A19103F-16F7-4668-BE54-9A1E7A4F7556}") = "task_00", "task_00\task_00.csproj", "{4BAE9596-960A-43CD-9E16-3F02BB8DFAA6}"
EndProject
Project("{9A19103F-16F7-4668-BE54-9A1E7A4F7556}") = "task_01", "task_01\task_01.csproj", "{CD5BF32F-1830-4119-B7C4-C063657D947C}"
EndProject
Project("{9A19103F-16F7-4668-BE54-9A1E7A4F7556}") = "task_02", "task_02\task_02.csproj", "{89CDDD3E-1124-4B02-9FF2-0D8F2F6DCE0B}"
EndProject
Project("{9A19103F-16F7-4668-BE54-9A1E7A4F7556}") = "task_03", "task_03\task_03.csproj", "{97B1A520-9366-4271-81A1-BF5C0CCE0B8F}"
EndProject
Project("{9A19103F-16F7-4668-BE54-9A1E7A4F7556}") = "task_04", "task_04\task_04.csproj", "{7E6EF17A-C476-45FD-9C89-21C5F70D23A1}"
EndProject
Project("{9A19103F-16F7-4668-BE54-9A1E7A4F7556}") = "task_05", "task_05\task_05.csproj", "{04C73DB6-F35F-4A07-8E6B-E922351021A2}"
EndProject
Project("{9A19103F-16F7-4668-BE54-9A1E7A4F7556}") = "task_06", "task_06\task_06.csproj", "{903E8392-B6D8-4304-9F41-04FB98F113A0}"
EndProject
Project("{FAE04EC0-301F-11D3-BF4B-00C04F79EFBC}") = "task_07", "task_07\task_07.csproj", "{85301D02-AF7B-4B7E-9A26-9FC4D9D2526F}"
EndProject
Project("{FAE04EC0-301F-11D3-BF4B-00C04F79EFBC}") = "task_08", "task_08\task_08.csproj", "{3FEB79D0-FED3-478C-81E0-7F4C51D44C67}"
EndProject
Project("{FAE04EC0-301F-11D3-BF4B-00C04F79EFBC}") = "task_09", "task_09\task_09.csproj", "{F0FEEA6A-7C20-4F36-9ED0-F8CB61318640}"
EndProject
Project("{FAE04EC0-301F-11D3-BF4B-00C04F79EFBC}") = "task_10", "task_10\task_10.csproj", "{9625936F-F566-451E-BF24-0D281233143A}"
EndProject
Project("{FAE04EC0-301F-11D3-BF4B-00C04F79EFBC}") = "task_11", "task_11\task_11.csproj", "{0811E670-AE24-420F-B187-59EC27E0A9DB}"
EndProject
Global
	GlobalSection(SolutionConfigurationPlatforms) = preSolution
		Debug|Any CPU = Debug|Any CPU
		Release|Any CPU = Release|Any CPU
	EndGlobalSection
	GlobalSection(ProjectConfigurationPlatforms) = postSolution
		{4BAE9596-960A-43CD-9E16-3F02BB8DFAA6}.Debug|Any CPU.ActiveCfg = Debug|Any CPU
		{4BAE9596-960A-43CD-9E16-3F02BB8DFAA6}.Debug|Any CPU.Build.0 = Debug|Any CPU
		{4BAE9596-960A-43CD-9E16-3F02BB8DFAA6}.Release|Any CPU.ActiveCfg = Release|Any CPU
		{4BAE9596-960A-43CD-9E16-3F02BB8DFAA6}.Release|Any CPU.Build.0 = Release|Any CPU
		{CD5BF32F-1830-4119-B7C4-C063657D947C}.Debug|Any CPU.ActiveCfg = Debug|Any CPU
		{CD5BF32F-1830-4119-B7C4-C063657D947C}.Debug|Any CPU.Build.0 = Debug|Any CPU
		{CD5BF32F-1830-4119-B7C4-C063657D947C}.Release|Any CPU.ActiveCfg = Release|Any CPU
		{CD5BF32F-1830-4119-B7C4-C063657D947C}.Release|Any CPU.Build.0 = Release|Any CPU
		{89CDDD3E-1124-4B02-9FF2-0D8F2F6DCE0B}.Debug|Any CPU.ActiveCfg = Debug|Any CPU
		{89CDDD3E-1124-4B02-9FF2-0D8F2F6DCE0B}.Debug|Any CPU.Build.0 = Debug|Any CPU
		{89CDDD3E-1124-4B02-9FF2-0D8F2F6DCE0B}.Release|Any CPU.ActiveCfg = Release|Any CPU
		{89CDDD3E-1124-4B02-9FF2-0D8F2F6DCE0B}.Release|Any CPU.Build.0 = Release|Any CPU
		{97B1A520-9366-4271-81A1-BF5C0CCE0B8F}.Debug|Any CPU.ActiveCfg = Debug|Any CPU
		{97B1A520-9366-4271-81A1-BF5C0CCE0B8F}.Debug|Any CPU.Build.0 = Debug|Any CPU
		{97B1A520-9366-4271-81A1-BF5C0CCE0B8F}.Release|Any CPU.ActiveCfg = Release|Any CPU
		{97B1A520-9366-4271-81A1-BF5C0CCE0B8F}.Release|Any CPU.Build.0 = Release|Any CPU
		{7E6EF17A-C476-45FD-9C89-21C5F70D23A1}.Debug|Any CPU.ActiveCfg = Debug|Any CPU
		{7E6EF17A-C476-45FD-9C89-21C5F70D23A1}.Debug|Any CPU.Build.0 = Debug|Any CPU
		{7E6EF17A-C476-45FD-9C89-21C5F70D23A1}.Release|Any CPU.ActiveCfg = Release|Any CPU
		{7E6EF17A-C476-45FD-9C89-21C5F70D23A1}.Release|Any CPU.Build.0 = Release|Any CPU
		{04C73DB6-F35F-4A07-8E6B-E922351021A2}.Debug|Any CPU.ActiveCfg = Debug|Any CPU
		{04C73DB6-F35F-4A07-8E6B-E922351021A2}.Debug|Any CPU.Build.0 = Debug|Any CPU
		{04C73DB6-F35F-4A07-8E6B-E922351021A2}.Release|Any CPU.ActiveCfg = Release|Any CPU
		{04C73DB6-F35F-4A07-8E6B-E922351021A2}.Release|Any CPU.Build.0 = Release|Any CPU
		{903E8392-B6D8-4304-9F41-04FB98F113A0}.Debug|Any CPU.ActiveCfg = Debug|Any CPU
		{903E8392-B6D8-4304-9F41-04FB98F113A0}.Debug|Any CPU.Build.0 = Debug|Any CPU
		{903E8392-B6D8-4304-9F41-04FB98F113A0}.Release|Any CPU.ActiveCfg = Release|Any CPU
		{903E8392-B6D8-4304-9F41-04FB98F113A0}.Release|Any CPU.Build.0 = Release|Any CPU
		{85301D02-AF7B-4B7E-9A26-9FC4D9D2526F}.Debug|Any CPU.ActiveCfg = Debug|Any CPU
		{85301D02-AF7B-4B7E-9A26-9FC4D9D2526F}.Debug|Any CPU.Build.0 = Debug|Any CPU
		{85301D02-AF7B-4B7E-9A26-9FC4D9D2526F}.Release|Any CPU.ActiveCfg = Release|Any CPU
		{85301D02-AF7B-4B7E-9A26-9FC4D9D2526F}.Release|Any CPU.Build.0 = Release|Any CPU
		{3FEB79D0-FED3-478C-81E0-7F4C51D44C67}.Debug|Any CPU.ActiveCfg = Debug|Any CPU
		{3FEB79D0-FED3-478C-81E0-7F4C51D44C67}.Debug|Any CPU.Build.0 = Debug|Any CPU
		{3FEB79D0-FED3-478C-81E0-7F4C51D44C67}.Release|Any CPU.ActiveCfg = Release|Any CPU
		{3FEB79D0-FED3-478C-81E0-7F4C51D44C67}.Release|Any CPU.Build.0 = Release|Any CPU
		{F0FEEA6A-7C20-4F36-9ED0-F8CB61318640}.Debug|Any CPU.ActiveCfg = Debug|Any CPU
		{F0FEEA6A-7C20-4F36-9ED0-F8CB61318640}.Debug|Any CPU.Build.0 = Debug|Any CPU
		{F0FEEA6A-7C20-4F36-9ED0-F8CB61318640}.Release|Any CPU.ActiveCfg = Release|Any CPU
		{F0FEEA6A-7C20-4F36-9ED0-F8CB61318640}.Release|Any CPU.Build.0 = Release|Any CPU
		{9625936F-F566-451E-BF24-0D281233143A}.Debug|Any CPU.ActiveCfg = Debug|Any CPU
		{9625936F-F566-451E-BF24-0D281233143A}.Debug|Any CPU.Build.0 = Debug|Any CPU
		{9625936F-F566-451E-BF24-0D281233143A}.Release|Any CPU.ActiveCfg = Release|Any CPU
		{9625936F-F566-451E-BF24-0D281233143A}.Release|Any CPU.Build.0 = Release|Any CPU
		{0811E670-AE24-420F-B187-59EC27E0A9DB}.Debug|Any CPU.ActiveCfg = Debug|Any CPU
		{0811E670-AE24-420F-B187-59EC27E0A9DB}.Debug|Any CPU.Build.0 = Debug|Any CPU
		{0811E670-AE24-420F-B187-59EC27E0A9DB}.Release|Any CPU.ActiveCfg = Release|Any CPU
		{0811E670-AE24-420F-B187-59EC27E0A9DB}.Release|Any CPU.Build.0 = Release|Any CPU
	EndGlobalSection
	GlobalSection(SolutionProperties) = preSolution
		HideSolutionNode = FALSE
	EndGlobalSection
	GlobalSection(ExtensibilityGlobals) = postSolution
		SolutionGuid = {0BC9861B-B9B8-4D98-B15F-3F596232FF30}
	EndGlobalSection
EndGlobal
